{
  "object": {
    "pins": [
      {
        "package": "PureLayout",
        "repositoryURL": "https://github.com/PureLayout/PureLayout",
        "state": {
          "branch": null,
          "revision": "d19b40e831e4d621097765998be97df3856e8413",
          "version": "3.1.6"
        }
      },
      {
        "package": "VideoEditor",
        "repositoryURL": "https://github.com/TitouanVanBelle/VideoEditor",
        "state": {
          "branch": "master",
          "revision": "b666aeb7867d641dbbbb12e896b8488a6323c7d6",
          "version": null
        }
      },
      {
        "package": "VideoPlayer",
        "repositoryURL": "https://github.com/TitouanVanBelle/VideoPlayer",
        "state": {
          "branch": "master",
          "revision": "0fbcdbed2504972a3feda51a9974f0c23df0262d",
          "version": null
        }
      }
    ]
  },
  "version": 1
}
