{
  "object": {
    "pins": [
      {
        "package": "PureLayout",
        "repositoryURL": "https://github.com/PureLayout/PureLayout",
        "state": {
          "branch": null,
          "revision": "d19b40e831e4d621097765998be97df3856e8413",
          "version": "3.1.6"
        }
      },
      {
        "package": "VideoEditor",
        "repositoryURL": "https://github.com/gymbro/videoeditor",
        "state": {
          "branch": "master",
          "revision": "59611a044b51f2b44d35656c6b85620beee0aad4",
          "version": null
        }
      },
      {
        "package": "VideoPlayer",
        "repositoryURL": "https://github.com/gymbro/videoplayer",
        "state": {
          "branch": "master",
          "revision": "318bfb249f66ffc19ce6197e02eeb3dfabc665f2",
          "version": null
        }
      }
    ]
  },
  "version": 1
}
